// !$*UTF8*$!
{
	archiveVersion = 1;
	classes = {
	};
	objectVersion = 46;
	objects = {

/* Begin PBXBuildFile section */
		4BE489E91C252F8B00741EAD /* AppDelegate.swift in Sources */ = {isa = PBXBuildFile; fileRef = 4BE489E81C252F8B00741EAD /* AppDelegate.swift */; };
		4BE489EB1C252F8B00741EAD /* ViewController.swift in Sources */ = {isa = PBXBuildFile; fileRef = 4BE489EA1C252F8B00741EAD /* ViewController.swift */; };
		4BE489EE1C252F8B00741EAD /* Main.storyboard in Resources */ = {isa = PBXBuildFile; fileRef = 4BE489EC1C252F8B00741EAD /* Main.storyboard */; };
		4BE489F01C252F8B00741EAD /* Assets.xcassets in Resources */ = {isa = PBXBuildFile; fileRef = 4BE489EF1C252F8B00741EAD /* Assets.xcassets */; };
		4BE489F31C252F8B00741EAD /* LaunchScreen.storyboard in Resources */ = {isa = PBXBuildFile; fileRef = 4BE489F11C252F8B00741EAD /* LaunchScreen.storyboard */; };
		4BE48A091C252F8F00741EAD /* SignatureTestUITests.swift in Sources */ = {isa = PBXBuildFile; fileRef = 4BE48A081C252F8F00741EAD /* SignatureTestUITests.swift */; };
		4BE48A171C252FC600741EAD /* YPDrawSignatureView.swift in Sources */ = {isa = PBXBuildFile; fileRef = 4BE48A161C252FC600741EAD /* YPDrawSignatureView.swift */; };
		EACD35371EB929F000C20EF8 /* SignatureViewTest.swift in Sources */ = {isa = PBXBuildFile; fileRef = EACD35361EB929F000C20EF8 /* SignatureViewTest.swift */; };
/* End PBXBuildFile section */

/* Begin PBXContainerItemProxy section */
		4BE489FA1C252F8E00741EAD /* PBXContainerItemProxy */ = {
			isa = PBXContainerItemProxy;
			containerPortal = 4BE489DD1C252F8A00741EAD /* Project object */;
			proxyType = 1;
			remoteGlobalIDString = 4BE489E41C252F8B00741EAD;
			remoteInfo = SignatureTest;
		};
		4BE48A051C252F8F00741EAD /* PBXContainerItemProxy */ = {
			isa = PBXContainerItemProxy;
			containerPortal = 4BE489DD1C252F8A00741EAD /* Project object */;
			proxyType = 1;
			remoteGlobalIDString = 4BE489E41C252F8B00741EAD;
			remoteInfo = SignatureTest;
		};
/* End PBXContainerItemProxy section */

/* Begin PBXFileReference section */
		4BE489E51C252F8B00741EAD /* SignatureTest.app */ = {isa = PBXFileReference; explicitFileType = wrapper.application; includeInIndex = 0; path = SignatureTest.app; sourceTree = BUILT_PRODUCTS_DIR; };
		4BE489E81C252F8B00741EAD /* AppDelegate.swift */ = {isa = PBXFileReference; lastKnownFileType = sourcecode.swift; path = AppDelegate.swift; sourceTree = "<group>"; };
		4BE489EA1C252F8B00741EAD /* ViewController.swift */ = {isa = PBXFileReference; lastKnownFileType = sourcecode.swift; path = ViewController.swift; sourceTree = "<group>"; };
		4BE489ED1C252F8B00741EAD /* Base */ = {isa = PBXFileReference; lastKnownFileType = file.storyboard; name = Base; path = Base.lproj/Main.storyboard; sourceTree = "<group>"; };
		4BE489EF1C252F8B00741EAD /* Assets.xcassets */ = {isa = PBXFileReference; lastKnownFileType = folder.assetcatalog; path = Assets.xcassets; sourceTree = "<group>"; };
		4BE489F21C252F8B00741EAD /* Base */ = {isa = PBXFileReference; lastKnownFileType = file.storyboard; name = Base; path = Base.lproj/LaunchScreen.storyboard; sourceTree = "<group>"; };
		4BE489F41C252F8C00741EAD /* Info.plist */ = {isa = PBXFileReference; lastKnownFileType = text.plist.xml; path = Info.plist; sourceTree = "<group>"; };
		4BE489F91C252F8E00741EAD /* SignatureTestTests.xctest */ = {isa = PBXFileReference; explicitFileType = wrapper.cfbundle; includeInIndex = 0; path = SignatureTestTests.xctest; sourceTree = BUILT_PRODUCTS_DIR; };
		4BE489FF1C252F8E00741EAD /* Info.plist */ = {isa = PBXFileReference; lastKnownFileType = text.plist.xml; path = Info.plist; sourceTree = "<group>"; };
		4BE48A041C252F8F00741EAD /* SignatureTestUITests.xctest */ = {isa = PBXFileReference; explicitFileType = wrapper.cfbundle; includeInIndex = 0; path = SignatureTestUITests.xctest; sourceTree = BUILT_PRODUCTS_DIR; };
		4BE48A081C252F8F00741EAD /* SignatureTestUITests.swift */ = {isa = PBXFileReference; lastKnownFileType = sourcecode.swift; path = SignatureTestUITests.swift; sourceTree = "<group>"; };
		4BE48A0A1C252F8F00741EAD /* Info.plist */ = {isa = PBXFileReference; lastKnownFileType = text.plist.xml; path = Info.plist; sourceTree = "<group>"; };
		4BE48A161C252FC600741EAD /* YPDrawSignatureView.swift */ = {isa = PBXFileReference; fileEncoding = 4; lastKnownFileType = sourcecode.swift; path = YPDrawSignatureView.swift; sourceTree = "<group>"; };
		EACD35361EB929F000C20EF8 /* SignatureViewTest.swift */ = {isa = PBXFileReference; fileEncoding = 4; lastKnownFileType = sourcecode.swift; path = SignatureViewTest.swift; sourceTree = "<group>"; };
/* End PBXFileReference section */

/* Begin PBXFrameworksBuildPhase section */
		4BE489E21C252F8B00741EAD /* Frameworks */ = {
			isa = PBXFrameworksBuildPhase;
			buildActionMask = 2147483647;
			files = (
			);
			runOnlyForDeploymentPostprocessing = 0;
		};
		4BE489F61C252F8E00741EAD /* Frameworks */ = {
			isa = PBXFrameworksBuildPhase;
			buildActionMask = 2147483647;
			files = (
			);
			runOnlyForDeploymentPostprocessing = 0;
		};
		4BE48A011C252F8F00741EAD /* Frameworks */ = {
			isa = PBXFrameworksBuildPhase;
			buildActionMask = 2147483647;
			files = (
			);
			runOnlyForDeploymentPostprocessing = 0;
		};
/* End PBXFrameworksBuildPhase section */

/* Begin PBXGroup section */
		4BE489DC1C252F8A00741EAD = {
			isa = PBXGroup;
			children = (
				4BE489E71C252F8B00741EAD /* SignatureTest */,
				4BE489FC1C252F8E00741EAD /* SignatureTestTests */,
				4BE48A071C252F8F00741EAD /* SignatureTestUITests */,
				4BE489E61C252F8B00741EAD /* Products */,
			);
			sourceTree = "<group>";
		};
		4BE489E61C252F8B00741EAD /* Products */ = {
			isa = PBXGroup;
			children = (
				4BE489E51C252F8B00741EAD /* SignatureTest.app */,
				4BE489F91C252F8E00741EAD /* SignatureTestTests.xctest */,
				4BE48A041C252F8F00741EAD /* SignatureTestUITests.xctest */,
			);
			name = Products;
			sourceTree = "<group>";
		};
		4BE489E71C252F8B00741EAD /* SignatureTest */ = {
			isa = PBXGroup;
			children = (
				4BE489E81C252F8B00741EAD /* AppDelegate.swift */,
				4BE489EA1C252F8B00741EAD /* ViewController.swift */,
				4BE489EC1C252F8B00741EAD /* Main.storyboard */,
				4BE489EF1C252F8B00741EAD /* Assets.xcassets */,
				4BE489F11C252F8B00741EAD /* LaunchScreen.storyboard */,
				4BE489F41C252F8C00741EAD /* Info.plist */,
				4BE48A161C252FC600741EAD /* YPDrawSignatureView.swift */,
			);
			path = SignatureTest;
			sourceTree = "<group>";
		};
		4BE489FC1C252F8E00741EAD /* SignatureTestTests */ = {
			isa = PBXGroup;
			children = (
				4BE489FF1C252F8E00741EAD /* Info.plist */,
				EACD35361EB929F000C20EF8 /* SignatureViewTest.swift */,
			);
			path = SignatureTestTests;
			sourceTree = "<group>";
		};
		4BE48A071C252F8F00741EAD /* SignatureTestUITests */ = {
			isa = PBXGroup;
			children = (
				4BE48A081C252F8F00741EAD /* SignatureTestUITests.swift */,
				4BE48A0A1C252F8F00741EAD /* Info.plist */,
			);
			path = SignatureTestUITests;
			sourceTree = "<group>";
		};
/* End PBXGroup section */

/* Begin PBXNativeTarget section */
		4BE489E41C252F8B00741EAD /* SignatureTest */ = {
			isa = PBXNativeTarget;
			buildConfigurationList = 4BE48A0D1C252F8F00741EAD /* Build configuration list for PBXNativeTarget "SignatureTest" */;
			buildPhases = (
				4BE489E11C252F8B00741EAD /* Sources */,
				4BE489E21C252F8B00741EAD /* Frameworks */,
				4BE489E31C252F8B00741EAD /* Resources */,
			);
			buildRules = (
			);
			dependencies = (
			);
			name = SignatureTest;
			productName = SignatureTest;
			productReference = 4BE489E51C252F8B00741EAD /* SignatureTest.app */;
			productType = "com.apple.product-type.application";
		};
		4BE489F81C252F8E00741EAD /* SignatureTestTests */ = {
			isa = PBXNativeTarget;
			buildConfigurationList = 4BE48A101C252F8F00741EAD /* Build configuration list for PBXNativeTarget "SignatureTestTests" */;
			buildPhases = (
				4BE489F51C252F8E00741EAD /* Sources */,
				4BE489F61C252F8E00741EAD /* Frameworks */,
				4BE489F71C252F8E00741EAD /* Resources */,
			);
			buildRules = (
			);
			dependencies = (
				4BE489FB1C252F8E00741EAD /* PBXTargetDependency */,
			);
			name = SignatureTestTests;
			productName = SignatureTestTests;
			productReference = 4BE489F91C252F8E00741EAD /* SignatureTestTests.xctest */;
			productType = "com.apple.product-type.bundle.unit-test";
		};
		4BE48A031C252F8F00741EAD /* SignatureTestUITests */ = {
			isa = PBXNativeTarget;
			buildConfigurationList = 4BE48A131C252F8F00741EAD /* Build configuration list for PBXNativeTarget "SignatureTestUITests" */;
			buildPhases = (
				4BE48A001C252F8F00741EAD /* Sources */,
				4BE48A011C252F8F00741EAD /* Frameworks */,
				4BE48A021C252F8F00741EAD /* Resources */,
			);
			buildRules = (
			);
			dependencies = (
				4BE48A061C252F8F00741EAD /* PBXTargetDependency */,
			);
			name = SignatureTestUITests;
			productName = SignatureTestUITests;
			productReference = 4BE48A041C252F8F00741EAD /* SignatureTestUITests.xctest */;
			productType = "com.apple.product-type.bundle.ui-testing";
		};
/* End PBXNativeTarget section */

/* Begin PBXProject section */
		4BE489DD1C252F8A00741EAD /* Project object */ = {
			isa = PBXProject;
			attributes = {
				LastSwiftUpdateCheck = 0720;
				LastUpgradeCheck = 0830;
				ORGANIZATIONNAME = Yuppielabel;
				TargetAttributes = {
					4BE489E41C252F8B00741EAD = {
						CreatedOnToolsVersion = 7.2;
						LastSwiftMigration = 0800;
					};
					4BE489F81C252F8E00741EAD = {
						CreatedOnToolsVersion = 7.2;
						DevelopmentTeam = 784F7MSSDM;
						LastSwiftMigration = 0800;
						TestTargetID = 4BE489E41C252F8B00741EAD;
					};
					4BE48A031C252F8F00741EAD = {
						CreatedOnToolsVersion = 7.2;
						LastSwiftMigration = 0800;
						TestTargetID = 4BE489E41C252F8B00741EAD;
					};
				};
			};
			buildConfigurationList = 4BE489E01C252F8A00741EAD /* Build configuration list for PBXProject "SignatureTest" */;
			compatibilityVersion = "Xcode 3.2";
			developmentRegion = English;
			hasScannedForEncodings = 0;
			knownRegions = (
				en,
				Base,
			);
			mainGroup = 4BE489DC1C252F8A00741EAD;
			productRefGroup = 4BE489E61C252F8B00741EAD /* Products */;
			projectDirPath = "";
			projectRoot = "";
			targets = (
				4BE489E41C252F8B00741EAD /* SignatureTest */,
				4BE489F81C252F8E00741EAD /* SignatureTestTests */,
				4BE48A031C252F8F00741EAD /* SignatureTestUITests */,
			);
		};
/* End PBXProject section */

/* Begin PBXResourcesBuildPhase section */
		4BE489E31C252F8B00741EAD /* Resources */ = {
			isa = PBXResourcesBuildPhase;
			buildActionMask = 2147483647;
			files = (
				4BE489F31C252F8B00741EAD /* LaunchScreen.storyboard in Resources */,
				4BE489F01C252F8B00741EAD /* Assets.xcassets in Resources */,
				4BE489EE1C252F8B00741EAD /* Main.storyboard in Resources */,
			);
			runOnlyForDeploymentPostprocessing = 0;
		};
		4BE489F71C252F8E00741EAD /* Resources */ = {
			isa = PBXResourcesBuildPhase;
			buildActionMask = 2147483647;
			files = (
			);
			runOnlyForDeploymentPostprocessing = 0;
		};
		4BE48A021C252F8F00741EAD /* Resources */ = {
			isa = PBXResourcesBuildPhase;
			buildActionMask = 2147483647;
			files = (
			);
			runOnlyForDeploymentPostprocessing = 0;
		};
/* End PBXResourcesBuildPhase section */

/* Begin PBXSourcesBuildPhase section */
		4BE489E11C252F8B00741EAD /* Sources */ = {
			isa = PBXSourcesBuildPhase;
			buildActionMask = 2147483647;
			files = (
				4BE489EB1C252F8B00741EAD /* ViewController.swift in Sources */,
				4BE489E91C252F8B00741EAD /* AppDelegate.swift in Sources */,
				4BE48A171C252FC600741EAD /* YPDrawSignatureView.swift in Sources */,
			);
			runOnlyForDeploymentPostprocessing = 0;
		};
		4BE489F51C252F8E00741EAD /* Sources */ = {
			isa = PBXSourcesBuildPhase;
			buildActionMask = 2147483647;
			files = (
				EACD35371EB929F000C20EF8 /* SignatureViewTest.swift in Sources */,
			);
			runOnlyForDeploymentPostprocessing = 0;
		};
		4BE48A001C252F8F00741EAD /* Sources */ = {
			isa = PBXSourcesBuildPhase;
			buildActionMask = 2147483647;
			files = (
				4BE48A091C252F8F00741EAD /* SignatureTestUITests.swift in Sources */,
			);
			runOnlyForDeploymentPostprocessing = 0;
		};
/* End PBXSourcesBuildPhase section */

/* Begin PBXTargetDependency section */
		4BE489FB1C252F8E00741EAD /* PBXTargetDependency */ = {
			isa = PBXTargetDependency;
			target = 4BE489E41C252F8B00741EAD /* SignatureTest */;
			targetProxy = 4BE489FA1C252F8E00741EAD /* PBXContainerItemProxy */;
		};
		4BE48A061C252F8F00741EAD /* PBXTargetDependency */ = {
			isa = PBXTargetDependency;
			target = 4BE489E41C252F8B00741EAD /* SignatureTest */;
			targetProxy = 4BE48A051C252F8F00741EAD /* PBXContainerItemProxy */;
		};
/* End PBXTargetDependency section */

/* Begin PBXVariantGroup section */
		4BE489EC1C252F8B00741EAD /* Main.storyboard */ = {
			isa = PBXVariantGroup;
			children = (
				4BE489ED1C252F8B00741EAD /* Base */,
			);
			name = Main.storyboard;
			sourceTree = "<group>";
		};
		4BE489F11C252F8B00741EAD /* LaunchScreen.storyboard */ = {
			isa = PBXVariantGroup;
			children = (
				4BE489F21C252F8B00741EAD /* Base */,
			);
			name = LaunchScreen.storyboard;
			sourceTree = "<group>";
		};
/* End PBXVariantGroup section */

/* Begin XCBuildConfiguration section */
		4BE48A0B1C252F8F00741EAD /* Debug */ = {
			isa = XCBuildConfiguration;
			buildSettings = {
				ALWAYS_SEARCH_USER_PATHS = NO;
				CLANG_CXX_LANGUAGE_STANDARD = "gnu++0x";
				CLANG_CXX_LIBRARY = "libc++";
				CLANG_ENABLE_MODULES = YES;
				CLANG_ENABLE_OBJC_ARC = YES;
				CLANG_WARN_BOOL_CONVERSION = YES;
				CLANG_WARN_CONSTANT_CONVERSION = YES;
				CLANG_WARN_DIRECT_OBJC_ISA_USAGE = YES_ERROR;
				CLANG_WARN_EMPTY_BODY = YES;
				CLANG_WARN_ENUM_CONVERSION = YES;
				CLANG_WARN_INFINITE_RECURSION = YES;
				CLANG_WARN_INT_CONVERSION = YES;
				CLANG_WARN_OBJC_ROOT_CLASS = YES_ERROR;
				CLANG_WARN_SUSPICIOUS_MOVE = YES;
				CLANG_WARN_UNREACHABLE_CODE = YES;
				CLANG_WARN__DUPLICATE_METHOD_MATCH = YES;
				"CODE_SIGN_IDENTITY[sdk=iphoneos*]" = "iPhone Developer";
				COPY_PHASE_STRIP = NO;
				DEBUG_INFORMATION_FORMAT = dwarf;
				ENABLE_STRICT_OBJC_MSGSEND = YES;
				ENABLE_TESTABILITY = YES;
				GCC_C_LANGUAGE_STANDARD = gnu99;
				GCC_DYNAMIC_NO_PIC = NO;
				GCC_NO_COMMON_BLOCKS = YES;
				GCC_OPTIMIZATION_LEVEL = 0;
				GCC_PREPROCESSOR_DEFINITIONS = (
					"DEBUG=1",
					"$(inherited)",
				);
				GCC_WARN_64_TO_32_BIT_CONVERSION = YES;
				GCC_WARN_ABOUT_RETURN_TYPE = YES_ERROR;
				GCC_WARN_UNDECLARED_SELECTOR = YES;
				GCC_WARN_UNINITIALIZED_AUTOS = YES_AGGRESSIVE;
				GCC_WARN_UNUSED_FUNCTION = YES;
				GCC_WARN_UNUSED_VARIABLE = YES;
				IPHONEOS_DEPLOYMENT_TARGET = 9.3;
				MTL_ENABLE_DEBUG_INFO = YES;
				ONLY_ACTIVE_ARCH = YES;
				SDKROOT = iphoneos;
				SWIFT_OPTIMIZATION_LEVEL = "-Onone";
				TARGETED_DEVICE_FAMILY = "1,2";
			};
			name = Debug;
		};
		4BE48A0C1C252F8F00741EAD /* Release */ = {
			isa = XCBuildConfiguration;
			buildSettings = {
				ALWAYS_SEARCH_USER_PATHS = NO;
				CLANG_CXX_LANGUAGE_STANDARD = "gnu++0x";
				CLANG_CXX_LIBRARY = "libc++";
				CLANG_ENABLE_MODULES = YES;
				CLANG_ENABLE_OBJC_ARC = YES;
				CLANG_WARN_BOOL_CONVERSION = YES;
				CLANG_WARN_CONSTANT_CONVERSION = YES;
				CLANG_WARN_DIRECT_OBJC_ISA_USAGE = YES_ERROR;
				CLANG_WARN_EMPTY_BODY = YES;
				CLANG_WARN_ENUM_CONVERSION = YES;
				CLANG_WARN_INFINITE_RECURSION = YES;
				CLANG_WARN_INT_CONVERSION = YES;
				CLANG_WARN_OBJC_ROOT_CLASS = YES_ERROR;
				CLANG_WARN_SUSPICIOUS_MOVE = YES;
				CLANG_WARN_UNREACHABLE_CODE = YES;
				CLANG_WARN__DUPLICATE_METHOD_MATCH = YES;
				"CODE_SIGN_IDENTITY[sdk=iphoneos*]" = "iPhone Developer";
				COPY_PHASE_STRIP = NO;
				DEBUG_INFORMATION_FORMAT = "dwarf-with-dsym";
				ENABLE_NS_ASSERTIONS = NO;
				ENABLE_STRICT_OBJC_MSGSEND = YES;
				GCC_C_LANGUAGE_STANDARD = gnu99;
				GCC_NO_COMMON_BLOCKS = YES;
				GCC_WARN_64_TO_32_BIT_CONVERSION = YES;
				GCC_WARN_ABOUT_RETURN_TYPE = YES_ERROR;
				GCC_WARN_UNDECLARED_SELECTOR = YES;
				GCC_WARN_UNINITIALIZED_AUTOS = YES_AGGRESSIVE;
				GCC_WARN_UNUSED_FUNCTION = YES;
				GCC_WARN_UNUSED_VARIABLE = YES;
				IPHONEOS_DEPLOYMENT_TARGET = 9.3;
				MTL_ENABLE_DEBUG_INFO = NO;
				SDKROOT = iphoneos;
				TARGETED_DEVICE_FAMILY = "1,2";
				VALIDATE_PRODUCT = YES;
			};
			name = Release;
		};
		4BE48A0E1C252F8F00741EAD /* Debug */ = {
			isa = XCBuildConfiguration;
			buildSettings = {
				ASSETCATALOG_COMPILER_APPICON_NAME = AppIcon;
				DEVELOPMENT_TEAM = "";
				INFOPLIST_FILE = SignatureTest/Info.plist;
				LD_RUNPATH_SEARCH_PATHS = "$(inherited) @executable_path/Frameworks";
				PRODUCT_BUNDLE_IDENTIFIER = SignatureTest;
				PRODUCT_NAME = "$(TARGET_NAME)";
				SWIFT_VERSION = 3.0;
			};
			name = Debug;
		};
		4BE48A0F1C252F8F00741EAD /* Release */ = {
			isa = XCBuildConfiguration;
			buildSettings = {
				ASSETCATALOG_COMPILER_APPICON_NAME = AppIcon;
				DEVELOPMENT_TEAM = "";
				INFOPLIST_FILE = SignatureTest/Info.plist;
				LD_RUNPATH_SEARCH_PATHS = "$(inherited) @executable_path/Frameworks";
				PRODUCT_BUNDLE_IDENTIFIER = SignatureTest;
				PRODUCT_NAME = "$(TARGET_NAME)";
				SWIFT_OPTIMIZATION_LEVEL = "-Owholemodule";
				SWIFT_VERSION = 3.0;
			};
			name = Release;
		};
		4BE48A111C252F8F00741EAD /* Debug */ = {
			isa = XCBuildConfiguration;
			buildSettings = {
				BUNDLE_LOADER = "$(TEST_HOST)";
				DEVELOPMENT_TEAM = 784F7MSSDM;
				INFOPLIST_FILE = SignatureTestTests/Info.plist;
				LD_RUNPATH_SEARCH_PATHS = "$(inherited) @executable_path/Frameworks @loader_path/Frameworks";
				PRODUCT_BUNDLE_IDENTIFIER = com.yuppielabel.SignatureTestTests;
				PRODUCT_NAME = "$(TARGET_NAME)";
				SWIFT_VERSION = 3.0;
				TEST_HOST = "$(BUILT_PRODUCTS_DIR)/SignatureTest.app/SignatureTest";
			};
			name = Debug;
		};
		4BE48A121C252F8F00741EAD /* Release */ = {
			isa = XCBuildConfiguration;
			buildSettings = {
				BUNDLE_LOADER = "$(TEST_HOST)";
				DEVELOPMENT_TEAM = 784F7MSSDM;
				INFOPLIST_FILE = SignatureTestTests/Info.plist;
				LD_RUNPATH_SEARCH_PATHS = "$(inherited) @executable_path/Frameworks @loader_path/Frameworks";
				PRODUCT_BUNDLE_IDENTIFIER = com.yuppielabel.SignatureTestTests;
				PRODUCT_NAME = "$(TARGET_NAME)";
				SWIFT_OPTIMIZATION_LEVEL = "-Owholemodule";
				SWIFT_VERSION = 3.0;
				TEST_HOST = "$(BUILT_PRODUCTS_DIR)/SignatureTest.app/SignatureTest";
			};
			name = Release;
		};
		4BE48A141C252F8F00741EAD /* Debug */ = {
			isa = XCBuildConfiguration;
			buildSettings = {
				INFOPLIST_FILE = SignatureTestUITests/Info.plist;
				LD_RUNPATH_SEARCH_PATHS = "$(inherited) @executable_path/Frameworks @loader_path/Frameworks";
				PRODUCT_BUNDLE_IDENTIFIER = com.yuppielabel.SignatureTestUITests;
				PRODUCT_NAME = "$(TARGET_NAME)";
				SWIFT_VERSION = 3.0;
				TEST_TARGET_NAME = SignatureTest;
				USES_XCTRUNNER = YES;
			};
			name = Debug;
		};
		4BE48A151C252F8F00741EAD /* Release */ = {
			isa = XCBuildConfiguration;
			buildSettings = {
				INFOPLIST_FILE = SignatureTestUITests/Info.plist;
				LD_RUNPATH_SEARCH_PATHS = "$(inherited) @executable_path/Frameworks @loader_path/Frameworks";
				PRODUCT_BUNDLE_IDENTIFIER = com.yuppielabel.SignatureTestUITests;
				PRODUCT_NAME = "$(TARGET_NAME)";
				SWIFT_OPTIMIZATION_LEVEL = "-Owholemodule";
				SWIFT_VERSION = 3.0;
				TEST_TARGET_NAME = SignatureTest;
				USES_XCTRUNNER = YES;
			};
			name = Release;
		};
/* End XCBuildConfiguration section */

/* Begin XCConfigurationList section */
		4BE489E01C252F8A00741EAD /* Build configuration list for PBXProject "SignatureTest" */ = {
			isa = XCConfigurationList;
			buildConfigurations = (
				4BE48A0B1C252F8F00741EAD /* Debug */,
				4BE48A0C1C252F8F00741EAD /* Release */,
			);
			defaultConfigurationIsVisible = 0;
			defaultConfigurationName = Release;
		};
		4BE48A0D1C252F8F00741EAD /* Build configuration list for PBXNativeTarget "SignatureTest" */ = {
			isa = XCConfigurationList;
			buildConfigurations = (
				4BE48A0E1C252F8F00741EAD /* Debug */,
				4BE48A0F1C252F8F00741EAD /* Release */,
			);
			defaultConfigurationIsVisible = 0;
			defaultConfigurationName = Release;
		};
		4BE48A101C252F8F00741EAD /* Build configuration list for PBXNativeTarget "SignatureTestTests" */ = {
			isa = XCConfigurationList;
			buildConfigurations = (
				4BE48A111C252F8F00741EAD /* Debug */,
				4BE48A121C252F8F00741EAD /* Release */,
			);
			defaultConfigurationIsVisible = 0;
			defaultConfigurationName = Release;
		};
		4BE48A131C252F8F00741EAD /* Build configuration list for PBXNativeTarget "SignatureTestUITests" */ = {
			isa = XCConfigurationList;
			buildConfigurations = (
				4BE48A141C252F8F00741EAD /* Debug */,
				4BE48A151C252F8F00741EAD /* Release */,
			);
			defaultConfigurationIsVisible = 0;
			defaultConfigurationName = Release;
		};
/* End XCConfigurationList section */
	};
	rootObject = 4BE489DD1C252F8A00741EAD /* Project object */;
}
